
Microsoft Visual Studio Solution File, Format Version 12.00
# Visual Studio Version 17
VisualStudioVersion = 17.5.33530.505
MinimumVisualStudioVersion = 10.0.40219.1
Project("{FAE04EC0-301F-11D3-BF4B-00C04F79EFBC}") = "eTicket", "eTicket\eTicket.csproj", "{3EE915D5-5162-4F9B-912B-D3B8ECC7C5A0}"
EndProject
Global
	GlobalSection(SolutionConfigurationPlatforms) = preSolution
		Debug|Any CPU = Debug|Any CPU
		Release|Any CPU = Release|Any CPU
	EndGlobalSection
	GlobalSection(ProjectConfigurationPlatforms) = postSolution
		{3EE915D5-5162-4F9B-912B-D3B8ECC7C5A0}.Debug|Any CPU.ActiveCfg = Debug|Any CPU
		{3EE915D5-5162-4F9B-912B-D3B8ECC7C5A0}.Debug|Any CPU.Build.0 = Debug|Any CPU
		{3EE915D5-5162-4F9B-912B-D3B8ECC7C5A0}.Release|Any CPU.ActiveCfg = Release|Any CPU
		{3EE915D5-5162-4F9B-912B-D3B8ECC7C5A0}.Release|Any CPU.Build.0 = Release|Any CPU
	EndGlobalSection
	GlobalSection(SolutionProperties) = preSolution
		HideSolutionNode = FALSE
	EndGlobalSection
	GlobalSection(ExtensibilityGlobals) = postSolution
		SolutionGuid = {0D9EF274-3058-4AFA-9B70-C6B0F04FC973}
	EndGlobalSection
EndGlobal
